GEM
  remote: https://gem.coop/
  specs:
    base64 (0.3.0)
    date (3.5.1)
    drb (2.2.3)
    erb (6.0.4)
    extralite (2.14)
    io-console (0.8.2)
    irb (1.18.0)
      pp (>= 0.6.0)
      prism (>= 1.3.0)
      rdoc (>= 4.0.0)
      reline (>= 0.4.2)
    json (2.19.8)
    kramdown (2.5.2)
      rexml (>= 3.4.4)
    kramdown-parser-gfm (1.1.0)
      kramdown (~> 2.0)
    logger (1.7.0)
    minitest (6.0.6)
      drb (~> 2.0)
      prism (~> 1.5)
    papercraft (3.2.1)
      erb (~> 6.0.1)
      kramdown (~> 2.5.2)
      kramdown-parser-gfm (~> 1.1.0)
      rouge (~> 4.7.0)
      sirop
    pp (0.6.3)
      prettyprint
    prettyprint (0.2.0)
    prism (1.9.0)
    psych (5.4.0)
      date
      stringio
    rdoc (7.2.0)
      erb
      psych (>= 4.0.0)
      tsort
    reline (0.6.3)
      io-console (~> 0.5)
    rexml (3.4.4)
    rouge (4.7.0)
    sirop (1.0.3)
      prism
    stringio (3.2.0)
    syntropy (0.37.0)
      base64
      extralite (~> 2.14)
      irb
      json
      logger
      minitest
      papercraft (~> 3.2.0)
      uringmachine (~> 1.0.2)
    tsort (0.2.0)
    uringmachine (1.0.2)

PLATFORMS
  ruby
  x86_64-linux

DEPENDENCIES
  syntropy (~> 0.37.0)

CHECKSUMS
  base64 (0.3.0) sha256=27337aeabad6ffae05c265c450490628ef3ebd4b67be58257393227588f5a97b
  date (3.5.1) sha256=750d06384d7b9c15d562c76291407d89e368dda4d4fff957eb94962d325a0dc0
  drb (2.2.3) sha256=0b00d6fdb50995fe4a45dea13663493c841112e4068656854646f418fda13373
  erb (6.0.4) sha256=38e3803694be357fe2bfe312487c74beaf9fb4e5beb3e22498952fe1645b95d9
  extralite (2.14) sha256=f40d2e1c83b34ede8039ef356427c0f619b0e81ddc8e5a80303d3383d0621ed5
  io-console (0.8.2) sha256=d6e3ae7a7cc7574f4b8893b4fca2162e57a825b223a177b7afa236c5ef9814cc
  irb (1.18.0) sha256=de9454a0703a54704b9811a5ef31a60c86949fbf4013fcf244fabc7c775248e3
  json (2.19.8) sha256=6354310fd76ef69b87d5bd1f38b40d730613baf90b6803d2d0a48f618d32dfaa
  kramdown (2.5.2) sha256=1ba542204c66b6f9111ff00dcc26075b95b220b07f2905d8261740c82f7f02fa
  kramdown-parser-gfm (1.1.0) sha256=fb39745516427d2988543bf01fc4cf0ab1149476382393e0e9c48592f6581729
  logger (1.7.0) sha256=196edec7cc44b66cfb40f9755ce11b392f21f7967696af15d274dde7edff0203
  minitest (6.0.6) sha256=153ea36d1d987a62942382b61075745042a2b3123b1cd48f4c3675af9cc7d6f1
  papercraft (3.2.1) sha256=f66a2e5d6afe8fcab51b537496464e41897d2620347c0b434903a8948a8abcfd
  pp (0.6.3) sha256=2951d514450b93ccfeb1df7d021cae0da16e0a7f95ee1e2273719669d0ab9df6
  prettyprint (0.2.0) sha256=2bc9e15581a94742064a3cc8b0fb9d45aae3d03a1baa6ef80922627a0766f193
  prism (1.9.0) sha256=7b530c6a9f92c24300014919c9dcbc055bf4cdf51ec30aed099b06cd6674ef85
  psych (5.4.0) sha256=14f72d69a611af663d7d70e4a7b67d9eb1f3ae9f8d916b478961d5a0075ba5b7
  rdoc (7.2.0) sha256=8650f76cd4009c3b54955eb5d7e3a075c60a57276766ebf36f9085e8c9f23192
  reline (0.6.3) sha256=1198b04973565b36ec0f11542ab3f5cfeeec34823f4e54cebde90968092b1835
  rexml (3.4.4) sha256=19e0a2c3425dfbf2d4fc1189747bdb2f849b6c5e74180401b15734bc97b5d142
  rouge (4.7.0) sha256=dba5896715c0325c362e895460a6d350803dbf6427454f49a47500f3193ea739
  sirop (1.0.3) sha256=189eaf53736781827a334956a195387d0b14958f3d1bcfe0fd7c4de21a62b45b
  stringio (3.2.0) sha256=c37cb2e58b4ffbd33fe5cd948c05934af997b36e0b6ca6fdf43afa234cf222e1
  syntropy (0.37.0) sha256=6356f76b79fdb4edf800585c3a61ef25906702ef6e749e9386a7a8b0f98d13fd
  tsort (0.2.0) sha256=9650a793f6859a43b6641671278f79cfead60ac714148aabe4e3f0060480089f
  uringmachine (1.0.2) sha256=61d67c4928920a1e37f99f670df5af0dec9049be43df63ffd3c284bf682d2dcf

BUNDLED WITH
  4.0.6
